
Microsoft Visual Studio Solution File, Format Version 12.00
# Visual Studio Version 17
VisualStudioVersion = 17.7.34202.233
MinimumVisualStudioVersion = 10.0.40219.1
Project("{FAE04EC0-301F-11D3-BF4B-00C04F79EFBC}") = "HarmadikNap_Feladat", "HarmadikNap_Feladat.csproj", "{13ED2D31-8FA5-4901-BD94-679D13CB6775}"
EndProject
Global
	GlobalSection(SolutionConfigurationPlatforms) = preSolution
		Debug|Any CPU = Debug|Any CPU
		Release|Any CPU = Release|Any CPU
	EndGlobalSection
	GlobalSection(ProjectConfigurationPlatforms) = postSolution
		{13ED2D31-8FA5-4901-BD94-679D13CB6775}.Debug|Any CPU.ActiveCfg = Debug|Any CPU
		{13ED2D31-8FA5-4901-BD94-679D13CB6775}.Debug|Any CPU.Build.0 = Debug|Any CPU
		{13ED2D31-8FA5-4901-BD94-679D13CB6775}.Release|Any CPU.ActiveCfg = Release|Any CPU
		{13ED2D31-8FA5-4901-BD94-679D13CB6775}.Release|Any CPU.Build.0 = Release|Any CPU
	EndGlobalSection
	GlobalSection(SolutionProperties) = preSolution
		HideSolutionNode = FALSE
	EndGlobalSection
	GlobalSection(ExtensibilityGlobals) = postSolution
		SolutionGuid = {441FC4DC-39A9-484F-B91C-11661158895A}
	EndGlobalSection
EndGlobal
